
Microsoft Visual Studio Solution File, Format Version 12.00
# Visual Studio 15
Project("{FAE04EC0-301F-11D3-BF4B-00C04F79EFBC}") = "CRONOTOPO_TALLER_5", "CRONOTOPO_TALLER_5.csproj", "{D7C84728-ADAA-4990-C19D-F2DA4D127FEA}"
EndProject
Global
	GlobalSection(SolutionConfigurationPlatforms) = preSolution
		Debug|Any CPU = Debug|Any CPU
		Release|Any CPU = Release|Any CPU
	EndGlobalSection
	GlobalSection(ProjectConfigurationPlatforms) = postSolution
		{D7C84728-ADAA-4990-C19D-F2DA4D127FEA}.Debug|Any CPU.ActiveCfg = Debug|Any CPU
		{D7C84728-ADAA-4990-C19D-F2DA4D127FEA}.Debug|Any CPU.Build.0 = Debug|Any CPU
		{D7C84728-ADAA-4990-C19D-F2DA4D127FEA}.Release|Any CPU.ActiveCfg = Release|Any CPU
		{D7C84728-ADAA-4990-C19D-F2DA4D127FEA}.Release|Any CPU.Build.0 = Release|Any CPU
	EndGlobalSection
	GlobalSection(SolutionProperties) = preSolution
		HideSolutionNode = FALSE
	EndGlobalSection
EndGlobal
